
Microsoft Visual Studio Solution File, Format Version 12.00
# Visual Studio Version 17
VisualStudioVersion = 17.8.34511.84
MinimumVisualStudioVersion = 10.0.40219.1
Project("{FAE04EC0-301F-11D3-BF4B-00C04F79EFBC}") = "13.1", "13.1\13.1.csproj", "{89FEBE30-E299-4E2B-9EDE-6FC5DDCE00F1}"
EndProject
Global
	GlobalSection(SolutionConfigurationPlatforms) = preSolution
		Debug|Any CPU = Debug|Any CPU
		Release|Any CPU = Release|Any CPU
	EndGlobalSection
	GlobalSection(ProjectConfigurationPlatforms) = postSolution
		{89FEBE30-E299-4E2B-9EDE-6FC5DDCE00F1}.Debug|Any CPU.ActiveCfg = Debug|Any CPU
		{89FEBE30-E299-4E2B-9EDE-6FC5DDCE00F1}.Debug|Any CPU.Build.0 = Debug|Any CPU
		{89FEBE30-E299-4E2B-9EDE-6FC5DDCE00F1}.Release|Any CPU.ActiveCfg = Release|Any CPU
		{89FEBE30-E299-4E2B-9EDE-6FC5DDCE00F1}.Release|Any CPU.Build.0 = Release|Any CPU
	EndGlobalSection
	GlobalSection(SolutionProperties) = preSolution
		HideSolutionNode = FALSE
	EndGlobalSection
	GlobalSection(ExtensibilityGlobals) = postSolution
		SolutionGuid = {9CFB0EC4-1BEC-4EEA-AF19-70BB706D7813}
	EndGlobalSection
EndGlobal
